{
  "name": "balkans",
  "version": "0.0.0",
  "lockfileVersion": 1,
  "requires": true,
  "dependencies": {
    "sanctuary": {
      "version": "0.14.1",
      "resolved": "https://registry.npmjs.org/sanctuary/-/sanctuary-0.14.1.tgz",
      "integrity": "sha512-+oWyyObmQUVzx99YdVj4XGKRWGXWYGZM/R/HEO6VtiSZuJ5FpmPa9HHw9NYYk1Gru5Bgu2IB/mlR+vj8IisxNw==",
      "requires": {
        "sanctuary-def": "0.14.0",
        "sanctuary-type-classes": "7.1.1",
        "sanctuary-type-identifiers": "2.0.1"
      },
      "dependencies": {
        "sanctuary-def": {
          "version": "0.14.0",
          "resolved": "https://registry.npmjs.org/sanctuary-def/-/sanctuary-def-0.14.0.tgz",
          "integrity": "sha512-pn60l2S29xeic7/7bsWgQo9mia+i/jSSDZv2GDdoNnx89GiF5nbefAZM0AbCmXG1PUgXprogMQBxM+4wLX97dQ==",
          "requires": {
            "sanctuary-type-classes": "7.1.1",
            "sanctuary-type-identifiers": "2.0.1"
          }
        },
        "sanctuary-type-classes": {
          "version": "7.1.1",
          "resolved": "https://registry.npmjs.org/sanctuary-type-classes/-/sanctuary-type-classes-7.1.1.tgz",
          "integrity": "sha512-1qbKw1lCcdlXv6SSMT3AIUkBdgpF+bsujBIM2/DW/2muWmac0Jg36YyQUUCxLq+z6gMPI/IQWW2YgANSKH7fnQ==",
          "requires": {
            "sanctuary-type-identifiers": "1.0.0"
          },
          "dependencies": {
            "sanctuary-type-identifiers": {
              "version": "1.0.0",
              "resolved": "https://registry.npmjs.org/sanctuary-type-identifiers/-/sanctuary-type-identifiers-1.0.0.tgz",
              "integrity": "sha1-6PNZ8AbLXmJM+4RkYD/BFGCL3p8="
            }
          }
        }
      }
    },
    "sanctuary-def": {
      "version": "0.17.1",
      "resolved": "https://registry.npmjs.org/sanctuary-def/-/sanctuary-def-0.17.1.tgz",
      "integrity": "sha512-8kPU8CmkRDPauPIuMJQCob//0McI9ziMP4RASLOKN7jfykaMBut6/9rhepQwYw5L/nLhRiYKDuNFjsjveIkIKA==",
      "requires": {
        "sanctuary-either": "1.0.0",
        "sanctuary-show": "1.0.0",
        "sanctuary-type-classes": "9.0.0",
        "sanctuary-type-identifiers": "2.0.1"
      }
    },
    "sanctuary-either": {
      "version": "1.0.0",
      "resolved": "https://registry.npmjs.org/sanctuary-either/-/sanctuary-either-1.0.0.tgz",
      "integrity": "sha512-j4WAlwILU83wawXJQCSh5kVK27gxOykMuCfUfUOba/qUcFE+FxwHkt7lnHVYDjt7jG9SENe8bTQzPH/Zmhy3Ag==",
      "requires": {
        "sanctuary-show": "1.0.0",
        "sanctuary-type-classes": "9.0.0"
      }
    },
    "sanctuary-show": {
      "version": "1.0.0",
      "resolved": "https://registry.npmjs.org/sanctuary-show/-/sanctuary-show-1.0.0.tgz",
      "integrity": "sha512-63UqNGr5M6wkzKp6eGc/Gy6JBIV2PbzPd3q88+0F9z0qydAQsCWJ+7e4oor39rEEwj2GkZMDEhqGuiMl9eEnYw=="
    },
    "sanctuary-type-classes": {
      "version": "9.0.0",
      "resolved": "https://registry.npmjs.org/sanctuary-type-classes/-/sanctuary-type-classes-9.0.0.tgz",
      "integrity": "sha512-rFW27f3D622kxKravpGU9OjWn66fnDjDjGPvoYo4hEoBg2ocypvp0R9cs0YovKL3jTO+PTceUBh5tYZ+l9ay3g==",
      "requires": {
        "sanctuary-type-identifiers": "1.0.0"
      },
      "dependencies": {
        "sanctuary-type-identifiers": {
          "version": "1.0.0",
          "resolved": "https://registry.npmjs.org/sanctuary-type-identifiers/-/sanctuary-type-identifiers-1.0.0.tgz",
          "integrity": "sha1-6PNZ8AbLXmJM+4RkYD/BFGCL3p8="
        }
      }
    },
    "sanctuary-type-identifiers": {
      "version": "2.0.1",
      "resolved": "https://registry.npmjs.org/sanctuary-type-identifiers/-/sanctuary-type-identifiers-2.0.1.tgz",
      "integrity": "sha1-/FJM9t2Szr/LsN2VCe/xkxWaIO0="
    }
  }
}
